{
   "name": "parser",
   "lockfileVersion": 2,
   "requires": true,
   "packages": {
      "": {
         "dependencies": {
            "antlr4": "^4.9.0",
            "antlr4ts": "^0.5.0-alpha.4",
            "node-fetch": "^3.2.3"
         },
         "devDependencies": {
            "antlr4ts-cli": "^0.5.0-alpha.4"
         }
      },
      "node_modules/antlr4": {
         "version": "4.9.3",
         "resolved": "https://registry.npmjs.org/antlr4/-/antlr4-4.9.3.tgz",
         "integrity": "sha512-qNy2odgsa0skmNMCuxzXhM4M8J1YDaPv3TI+vCdnOAanu0N982wBrSqziDKRDctEZLZy9VffqIZXc0UGjjSP/g==",
         "engines": {
            "node": ">=14"
         }
      },
      "node_modules/antlr4ts": {
         "version": "0.5.0-alpha.4",
         "resolved": "https://registry.npmjs.org/antlr4ts/-/antlr4ts-0.5.0-alpha.4.tgz",
         "integrity": "sha512-WPQDt1B74OfPv/IMS2ekXAKkTZIHl88uMetg6q3OTqgFxZ/dxDXI0EWLyZid/1Pe6hTftyg5N7gel5wNAGxXyQ=="
      },
      "node_modules/antlr4ts-cli": {
         "version": "0.5.0-alpha.4",
         "resolved": "https://registry.npmjs.org/antlr4ts-cli/-/antlr4ts-cli-0.5.0-alpha.4.tgz",
         "integrity": "sha512-lVPVBTA2CVHRYILSKilL6Jd4hAumhSZZWA7UbQNQrmaSSj7dPmmYaN4bOmZG79cOy0lS00i4LY68JZZjZMWVrw==",
         "dev": true,
         "bin": {
            "antlr4ts": "antlr4ts"
         }
      },
      "node_modules/data-uri-to-buffer": {
         "version": "4.0.0",
         "resolved": "https://registry.npmjs.org/data-uri-to-buffer/-/data-uri-to-buffer-4.0.0.tgz",
         "integrity": "sha512-Vr3mLBA8qWmcuschSLAOogKgQ/Jwxulv3RNE4FXnYWRGujzrRWQI4m12fQqRkwX06C0KanhLr4hK+GydchZsaA==",
         "engines": {
            "node": ">= 12"
         }
      },
      "node_modules/fetch-blob": {
         "version": "3.1.5",
         "resolved": "https://registry.npmjs.org/fetch-blob/-/fetch-blob-3.1.5.tgz",
         "integrity": "sha512-N64ZpKqoLejlrwkIAnb9iLSA3Vx/kjgzpcDhygcqJ2KKjky8nCgUQ+dzXtbrLaWZGZNmNfQTsiQ0weZ1svglHg==",
         "funding": [
            {
               "type": "github",
               "url": "https://github.com/sponsors/jimmywarting"
            },
            {
               "type": "paypal",
               "url": "https://paypal.me/jimmywarting"
            }
         ],
         "dependencies": {
            "node-domexception": "^1.0.0",
            "web-streams-polyfill": "^3.0.3"
         },
         "engines": {
            "node": "^12.20 || >= 14.13"
         }
      },
      "node_modules/formdata-polyfill": {
         "version": "4.0.10",
         "resolved": "https://registry.npmjs.org/formdata-polyfill/-/formdata-polyfill-4.0.10.tgz",
         "integrity": "sha512-buewHzMvYL29jdeQTVILecSaZKnt/RJWjoZCF5OW60Z67/GmSLBkOFM7qh1PI3zFNtJbaZL5eQu1vLfazOwj4g==",
         "dependencies": {
            "fetch-blob": "^3.1.2"
         },
         "engines": {
            "node": ">=12.20.0"
         }
      },
      "node_modules/node-domexception": {
         "version": "1.0.0",
         "resolved": "https://registry.npmjs.org/node-domexception/-/node-domexception-1.0.0.tgz",
         "integrity": "sha512-/jKZoMpw0F8GRwl4/eLROPA3cfcXtLApP0QzLmUT/HuPCZWyB7IY9ZrMeKw2O/nFIqPQB3PVM9aYm0F312AXDQ==",
         "funding": [
            {
               "type": "github",
               "url": "https://github.com/sponsors/jimmywarting"
            },
            {
               "type": "github",
               "url": "https://paypal.me/jimmywarting"
            }
         ],
         "engines": {
            "node": ">=10.5.0"
         }
      },
      "node_modules/node-fetch": {
         "version": "3.2.3",
         "resolved": "https://registry.npmjs.org/node-fetch/-/node-fetch-3.2.3.tgz",
         "integrity": "sha512-AXP18u4pidSZ1xYXRDPY/8jdv3RAozIt/WLNR/MBGZAz+xjtlr90RvCnsvHQRiXyWliZF/CpytExp32UU67/SA==",
         "dependencies": {
            "data-uri-to-buffer": "^4.0.0",
            "fetch-blob": "^3.1.4",
            "formdata-polyfill": "^4.0.10"
         },
         "engines": {
            "node": "^12.20.0 || ^14.13.1 || >=16.0.0"
         },
         "funding": {
            "type": "opencollective",
            "url": "https://opencollective.com/node-fetch"
         }
      },
      "node_modules/web-streams-polyfill": {
         "version": "3.2.0",
         "resolved": "https://registry.npmjs.org/web-streams-polyfill/-/web-streams-polyfill-3.2.0.tgz",
         "integrity": "sha512-EqPmREeOzttaLRm5HS7io98goBgZ7IVz79aDvqjD0kYXLtFZTc0T/U6wHTPKyIjb+MdN7DFIIX6hgdBEpWmfPA==",
         "engines": {
            "node": ">= 8"
         }
      }
   },
   "dependencies": {
      "antlr4": {
         "version": "4.9.3",
         "resolved": "https://registry.npmjs.org/antlr4/-/antlr4-4.9.3.tgz",
         "integrity": "sha512-qNy2odgsa0skmNMCuxzXhM4M8J1YDaPv3TI+vCdnOAanu0N982wBrSqziDKRDctEZLZy9VffqIZXc0UGjjSP/g=="
      },
      "antlr4ts": {
         "version": "0.5.0-alpha.4",
         "resolved": "https://registry.npmjs.org/antlr4ts/-/antlr4ts-0.5.0-alpha.4.tgz",
         "integrity": "sha512-WPQDt1B74OfPv/IMS2ekXAKkTZIHl88uMetg6q3OTqgFxZ/dxDXI0EWLyZid/1Pe6hTftyg5N7gel5wNAGxXyQ=="
      },
      "antlr4ts-cli": {
         "version": "0.5.0-alpha.4",
         "resolved": "https://registry.npmjs.org/antlr4ts-cli/-/antlr4ts-cli-0.5.0-alpha.4.tgz",
         "integrity": "sha512-lVPVBTA2CVHRYILSKilL6Jd4hAumhSZZWA7UbQNQrmaSSj7dPmmYaN4bOmZG79cOy0lS00i4LY68JZZjZMWVrw==",
         "dev": true
      },
      "data-uri-to-buffer": {
         "version": "4.0.0",
         "resolved": "https://registry.npmjs.org/data-uri-to-buffer/-/data-uri-to-buffer-4.0.0.tgz",
         "integrity": "sha512-Vr3mLBA8qWmcuschSLAOogKgQ/Jwxulv3RNE4FXnYWRGujzrRWQI4m12fQqRkwX06C0KanhLr4hK+GydchZsaA=="
      },
      "fetch-blob": {
         "version": "3.1.5",
         "resolved": "https://registry.npmjs.org/fetch-blob/-/fetch-blob-3.1.5.tgz",
         "integrity": "sha512-N64ZpKqoLejlrwkIAnb9iLSA3Vx/kjgzpcDhygcqJ2KKjky8nCgUQ+dzXtbrLaWZGZNmNfQTsiQ0weZ1svglHg==",
         "requires": {
            "node-domexception": "^1.0.0",
            "web-streams-polyfill": "^3.0.3"
         }
      },
      "formdata-polyfill": {
         "version": "4.0.10",
         "resolved": "https://registry.npmjs.org/formdata-polyfill/-/formdata-polyfill-4.0.10.tgz",
         "integrity": "sha512-buewHzMvYL29jdeQTVILecSaZKnt/RJWjoZCF5OW60Z67/GmSLBkOFM7qh1PI3zFNtJbaZL5eQu1vLfazOwj4g==",
         "requires": {
            "fetch-blob": "^3.1.2"
         }
      },
      "node-domexception": {
         "version": "1.0.0",
         "resolved": "https://registry.npmjs.org/node-domexception/-/node-domexception-1.0.0.tgz",
         "integrity": "sha512-/jKZoMpw0F8GRwl4/eLROPA3cfcXtLApP0QzLmUT/HuPCZWyB7IY9ZrMeKw2O/nFIqPQB3PVM9aYm0F312AXDQ=="
      },
      "node-fetch": {
         "version": "3.2.3",
         "resolved": "https://registry.npmjs.org/node-fetch/-/node-fetch-3.2.3.tgz",
         "integrity": "sha512-AXP18u4pidSZ1xYXRDPY/8jdv3RAozIt/WLNR/MBGZAz+xjtlr90RvCnsvHQRiXyWliZF/CpytExp32UU67/SA==",
         "requires": {
            "data-uri-to-buffer": "^4.0.0",
            "fetch-blob": "^3.1.4",
            "formdata-polyfill": "^4.0.10"
         }
      },
      "web-streams-polyfill": {
         "version": "3.2.0",
         "resolved": "https://registry.npmjs.org/web-streams-polyfill/-/web-streams-polyfill-3.2.0.tgz",
         "integrity": "sha512-EqPmREeOzttaLRm5HS7io98goBgZ7IVz79aDvqjD0kYXLtFZTc0T/U6wHTPKyIjb+MdN7DFIIX6hgdBEpWmfPA=="
      }
   }
}
